<?xml version="1.0" encoding="utf-8"?>
<Project ToolsVersion="4.0" xmlns="http://schemas.microsoft.com/developer/msbuild/2003">
  <ItemGroup>
    <Filter Include="Source Files">
      <UniqueIdentifier>{4FC737F1-C7A5-4376-A066-2A32D752A2FF}</UniqueIdentifier>
      <Extensions>cpp;c;cc;cxx;def;odl;idl;hpj;bat;asm;asmx</Extensions>
    </Filter>
    <Filter Include="Header Files">
      <UniqueIdentifier>{93995380-89BD-4b04-88EB-625FBE52EBFB}</UniqueIdentifier>
      <Extensions>h;hh;hpp;hxx;hm;inl;inc;ipp;xsd</Extensions>
    </Filter>
    <Filter Include="Resource Files">
      <UniqueIdentifier>{67DA6AB6-F800-4c08-8B7A-83BB121AAD01}</UniqueIdentifier>
      <Extensions>rc;ico;cur;bmp;dlg;rc2;rct;bin;rgs;gif;jpg;jpeg;jpe;resx;tiff;tif;png;wav;mfcribbon-ms</Extensions>
    </Filter>
    <Filter Include="CUDA Source Files">
      <UniqueIdentifier>{9e64c22a-68a4-4e83-b499-c483464c66e7}</UniqueIdentifier>
    </Filter>
    <Filter Include="CUDA Header Files">
      <UniqueIdentifier>{237fef4e-18d8-4682-a30a-28399f0d3bac}</UniqueIdentifier>
    </Filter>
  </ItemGroup>
  <ItemGroup>
    <ClCompile Include="GPL.cpp">
      <Filter>Source Files</Filter>
    </ClCompile>
    <ClCompile Include="GPL_Behaviour.cpp">
      <Filter>Source Files</Filter>
    </ClCompile>
    <ClCompile Include="GPL_ParticleSystem.cpp">
      <Filter>Source Files</Filter>
    </ClCompile>
    <ClCompile Include="GPL_VertexAttributes.cpp">
      <Filter>Source Files</Filter>
    </ClCompile>
  </ItemGroup>
  <ItemGroup>
    <ClInclude Include="GPL.h">
      <Filter>Header Files</Filter>
    </ClInclude>
    <ClInclude Include="GPL_Behaviour.h">
      <Filter>Header Files</Filter>
    </ClInclude>
    <ClInclude Include="GPL_ParticleSystem.h">
      <Filter>Header Files</Filter>
    </ClInclude>
    <ClInclude Include="GPL_VertexAttributes.h">
      <Filter>Header Files</Filter>
    </ClInclude>
    <ClInclude Include="GPL\GPL_RT_RandStates.cuh">
      <Filter>CUDA Header Files</Filter>
    </ClInclude>
    <ClInclude Include="GPL\GPL_RT_ParticleBehaviours.cuh">
      <Filter>CUDA Header Files</Filter>
    </ClInclude>
    <ClInclude Include="GPL\GPL_RT_Vectors.cuh">
      <Filter>CUDA Header Files</Filter>
    </ClInclude>
  </ItemGroup>
  <ItemGroup>
    <None Include="GPL.vcxproj.user" />
  </ItemGroup>
  <ItemGroup>
    <CudaCompile Include="RandStates.cu">
      <Filter>CUDA Source Files</Filter>
    </CudaCompile>
    <CudaCompile Include="GPL\gpl_example1.cu">
      <Filter>CUDA Source Files</Filter>
    </CudaCompile>
    <CudaCompile Include="GPL\gpl_example2.cu">
      <Filter>CUDA Source Files</Filter>
    </CudaCompile>
    <CudaCompile Include="GPL\gpl_example3.cu">
      <Filter>CUDA Source Files</Filter>
    </CudaCompile>
  </ItemGroup>
</Project>